
Microsoft Visual Studio Solution File, Format Version 12.00
# Visual Studio Version 16
VisualStudioVersion = 16.0.31729.503
MinimumVisualStudioVersion = 10.0.40219.1
Project("{FAE04EC0-301F-11D3-BF4B-00C04F79EFBC}") = "FitSystem", "FitSystem\FitSystem.csproj", "{3EE0653B-EADA-4842-994D-39A19E4252F4}"
EndProject
Global
	GlobalSection(SolutionConfigurationPlatforms) = preSolution
		Debug|Any CPU = Debug|Any CPU
		Release|Any CPU = Release|Any CPU
	EndGlobalSection
	GlobalSection(ProjectConfigurationPlatforms) = postSolution
		{3EE0653B-EADA-4842-994D-39A19E4252F4}.Debug|Any CPU.ActiveCfg = Debug|Any CPU
		{3EE0653B-EADA-4842-994D-39A19E4252F4}.Debug|Any CPU.Build.0 = Debug|Any CPU
		{3EE0653B-EADA-4842-994D-39A19E4252F4}.Release|Any CPU.ActiveCfg = Release|Any CPU
		{3EE0653B-EADA-4842-994D-39A19E4252F4}.Release|Any CPU.Build.0 = Release|Any CPU
	EndGlobalSection
	GlobalSection(SolutionProperties) = preSolution
		HideSolutionNode = FALSE
	EndGlobalSection
	GlobalSection(ExtensibilityGlobals) = postSolution
		SolutionGuid = {2F40CA04-5146-4515-92E8-1DD583E934C8}
	EndGlobalSection
EndGlobal
